PODS:
  - advertising_id (0.0.1):
    - Flutter
  - Flutter (1.0.0)

DEPENDENCIES:
  - advertising_id (from `.symlinks/plugins/advertising_id/ios`)
  - Flutter (from `Flutter`)

EXTERNAL SOURCES:
  advertising_id:
    :path: ".symlinks/plugins/advertising_id/ios"
  Flutter:
    :path: Flutter

SPEC CHECKSUMS:
  advertising_id: 986482c7d48eb86f7abd0aee639f206ea09da3f1
  Flutter: e0871f40cf51350855a761d2e70bf5af5b9b5de7

PODFILE CHECKSUM: c4c93c5f6502fe2754f48404d3594bf779584011

COCOAPODS: 1.16.2
